filippo.io/edwards25519 v1.1.0 h1:FNf4tywRC1HmFuKW5xopWpigGjJKiJSV0Cqo0cJWDaA=
filippo.io/edwards25519 v1.1.0/go.mod h1:BxyFTGdWcka3PhytdK4V28tE5sGfRvvvRV7EaN4VDT4=
go.mau.fi/libsignal v0.1.1 h1:m/0PGBh4QKP/I1MQ44ti4C0fMbLMuHb95cmDw01FIpI=
go.mau.fi/libsignal v0.1.1/go.mod h1:QLs89F/OA3ThdSL2Wz2p+o+fi8uuQUz0e1BRa6ExdBw=
golang.org/x/crypto v0.32.0 h1:euUpcYgM8WcP71gNpTqQCn6rC2t6ULUPiOzfWaXVVfc=
golang.org/x/crypto v0.32.0/go.mod h1:ZnnJkOaASj8g0AjIduWNlq2NRxL0PlBrbKVyZ6V/Ugc=
